
Microsoft Visual Studio Solution File, Format Version 12.00
# Visual Studio 15
VisualStudioVersion = 15.0.28307.1000
MinimumVisualStudioVersion = 10.0.40219.1
Project("{9A19103F-16F7-4668-BE54-9A1E7A4F7556}") = "CaffeManagement", "CaffeManagement\CaffeManagement.csproj", "{DA0DF345-941B-445F-9B72-A911DC85852A}"
EndProject
Project("{9A19103F-16F7-4668-BE54-9A1E7A4F7556}") = "CaffeManagementCore", "CaffeManagementCore\CaffeManagementCore.csproj", "{10E0C3E2-EE67-4145-81A2-91D3DD9DE3C5}"
EndProject
Project("{9A19103F-16F7-4668-BE54-9A1E7A4F7556}") = "CaffeManagementServices", "CaffeManagementServices\CaffeManagementServices.csproj", "{678D666D-BD3A-4F51-B085-75C6B7094CD1}"
EndProject
Project("{FAE04EC0-301F-11D3-BF4B-00C04F79EFBC}") = "CaffeeManagementAPI", "CaffeeManagementAPI\CaffeeManagementAPI.csproj", "{C9B98115-C71A-4F70-855D-3369EA9B3BD2}"
EndProject
Global
	GlobalSection(SolutionConfigurationPlatforms) = preSolution
		Debug|Any CPU = Debug|Any CPU
		Release|Any CPU = Release|Any CPU
	EndGlobalSection
	GlobalSection(ProjectConfigurationPlatforms) = postSolution
		{DA0DF345-941B-445F-9B72-A911DC85852A}.Debug|Any CPU.ActiveCfg = Debug|Any CPU
		{DA0DF345-941B-445F-9B72-A911DC85852A}.Debug|Any CPU.Build.0 = Debug|Any CPU
		{DA0DF345-941B-445F-9B72-A911DC85852A}.Release|Any CPU.ActiveCfg = Release|Any CPU
		{DA0DF345-941B-445F-9B72-A911DC85852A}.Release|Any CPU.Build.0 = Release|Any CPU
		{10E0C3E2-EE67-4145-81A2-91D3DD9DE3C5}.Debug|Any CPU.ActiveCfg = Debug|Any CPU
		{10E0C3E2-EE67-4145-81A2-91D3DD9DE3C5}.Debug|Any CPU.Build.0 = Debug|Any CPU
		{10E0C3E2-EE67-4145-81A2-91D3DD9DE3C5}.Release|Any CPU.ActiveCfg = Release|Any CPU
		{10E0C3E2-EE67-4145-81A2-91D3DD9DE3C5}.Release|Any CPU.Build.0 = Release|Any CPU
		{678D666D-BD3A-4F51-B085-75C6B7094CD1}.Debug|Any CPU.ActiveCfg = Debug|Any CPU
		{678D666D-BD3A-4F51-B085-75C6B7094CD1}.Debug|Any CPU.Build.0 = Debug|Any CPU
		{678D666D-BD3A-4F51-B085-75C6B7094CD1}.Release|Any CPU.ActiveCfg = Release|Any CPU
		{678D666D-BD3A-4F51-B085-75C6B7094CD1}.Release|Any CPU.Build.0 = Release|Any CPU
		{C9B98115-C71A-4F70-855D-3369EA9B3BD2}.Debug|Any CPU.ActiveCfg = Debug|Any CPU
		{C9B98115-C71A-4F70-855D-3369EA9B3BD2}.Debug|Any CPU.Build.0 = Debug|Any CPU
		{C9B98115-C71A-4F70-855D-3369EA9B3BD2}.Release|Any CPU.ActiveCfg = Release|Any CPU
		{C9B98115-C71A-4F70-855D-3369EA9B3BD2}.Release|Any CPU.Build.0 = Release|Any CPU
	EndGlobalSection
	GlobalSection(SolutionProperties) = preSolution
		HideSolutionNode = FALSE
	EndGlobalSection
	GlobalSection(ExtensibilityGlobals) = postSolution
		SolutionGuid = {4E4B097E-DA7D-4403-9DA2-21E827D92C5B}
	EndGlobalSection
EndGlobal
